
Microsoft Visual Studio Solution File, Format Version 12.00
# Visual Studio Version 17
VisualStudioVersion = 17.2.32630.192
MinimumVisualStudioVersion = 10.0.40219.1
Project("{9A19103F-16F7-4668-BE54-9A1E7A4F7556}") = "Day1", "Day1\Day1.csproj", "{978B3827-A586-44C1-8D83-0D109444BAAF}"
EndProject
Project("{9A19103F-16F7-4668-BE54-9A1E7A4F7556}") = "Day2", "Day2\Day2.csproj", "{F6D9A38A-C9A0-47F9-9529-A997F55007EC}"
EndProject
Project("{9A19103F-16F7-4668-BE54-9A1E7A4F7556}") = "Day3", "Day3\Day3.csproj", "{165B2DD9-BEB8-4F87-BA75-97011A003A4D}"
EndProject
Project("{9A19103F-16F7-4668-BE54-9A1E7A4F7556}") = "Day4", "Day4\Day4.csproj", "{D680F0DB-8A74-4DF7-981E-6B66EB7A7116}"
EndProject
Project("{9A19103F-16F7-4668-BE54-9A1E7A4F7556}") = "Day5", "Day5\Day5.csproj", "{A5AE0A25-01F4-43CB-AF63-F003E4F195C2}"
EndProject
Project("{9A19103F-16F7-4668-BE54-9A1E7A4F7556}") = "Day6", "Day6\Day6.csproj", "{0BC4E3B7-4DA4-498C-A1F4-5B7D37C02D8A}"
EndProject
Project("{9A19103F-16F7-4668-BE54-9A1E7A4F7556}") = "Day7", "Day7\Day7.csproj", "{B8B86028-DA5B-448B-82C6-A2D7CC891B57}"
EndProject
Project("{9A19103F-16F7-4668-BE54-9A1E7A4F7556}") = "Day8", "Day8\Day8.csproj", "{2A4E2860-36A5-4B3F-A9C6-7F0DC1289C83}"
EndProject
Project("{9A19103F-16F7-4668-BE54-9A1E7A4F7556}") = "Day9", "Day9\Day9.csproj", "{C334E107-22B1-4A3D-9057-E9B9442B8F7F}"
EndProject
Project("{9A19103F-16F7-4668-BE54-9A1E7A4F7556}") = "Day10", "Day10\Day10.csproj", "{A1F111D2-17F0-4C00-8FBF-9F8982AE115E}"
EndProject
Project("{9A19103F-16F7-4668-BE54-9A1E7A4F7556}") = "Day11", "Day11\Day11.csproj", "{33291C30-9A49-4141-9200-B3978473478E}"
EndProject
Project("{9A19103F-16F7-4668-BE54-9A1E7A4F7556}") = "Day12", "Day12\Day12.csproj", "{7F5703C3-4DA4-4F33-A39E-079C33BF04AF}"
EndProject
Project("{9A19103F-16F7-4668-BE54-9A1E7A4F7556}") = "Day13", "Day13\Day13.csproj", "{7DDDB5BD-DF2C-4351-A2F5-716B3DAD03CF}"
EndProject
Project("{9A19103F-16F7-4668-BE54-9A1E7A4F7556}") = "Day14", "Day14\Day14.csproj", "{475B875B-936D-4B79-BE9A-8A4F8780ECC9}"
EndProject
Project("{9A19103F-16F7-4668-BE54-9A1E7A4F7556}") = "Day15", "Day15\Day15.csproj", "{5A0F868C-FC13-4AB8-A0F0-6205DA024CF1}"
EndProject
Project("{9A19103F-16F7-4668-BE54-9A1E7A4F7556}") = "Day16", "Day16\Day16.csproj", "{A0E5137A-18EB-4A9D-878F-250C488BF6FC}"
EndProject
Project("{9A19103F-16F7-4668-BE54-9A1E7A4F7556}") = "Day17", "Day17\Day17.csproj", "{8B3B472B-D7F5-458F-BEAB-C5EDFD7E7801}"
EndProject
Project("{9A19103F-16F7-4668-BE54-9A1E7A4F7556}") = "Day18", "Day18\Day18.csproj", "{952896B2-61F2-4425-80DC-1CA37F6CA225}"
EndProject
Project("{9A19103F-16F7-4668-BE54-9A1E7A4F7556}") = "Day19", "Day19\Day19.csproj", "{1B0D5FEE-A426-4A36-AFA1-848CCEBE1DEF}"
EndProject
Project("{9A19103F-16F7-4668-BE54-9A1E7A4F7556}") = "Day20", "Day20\Day20.csproj", "{44EB55F8-F83E-45D1-AC0F-3796AAB660B2}"
EndProject
Project("{9A19103F-16F7-4668-BE54-9A1E7A4F7556}") = "Day21", "Day21\Day21.csproj", "{E6227994-5C07-4D49-95F3-FA3CA6E6D70E}"
EndProject
Project("{9A19103F-16F7-4668-BE54-9A1E7A4F7556}") = "Day22", "Day22\Day22.csproj", "{ED37B836-0977-4349-B40E-52094D2BBF11}"
EndProject
Project("{9A19103F-16F7-4668-BE54-9A1E7A4F7556}") = "Day23", "Day23\Day23.csproj", "{88C24B32-B442-45F9-873F-C93640FD43C7}"
EndProject
Project("{9A19103F-16F7-4668-BE54-9A1E7A4F7556}") = "Day24", "Day24\Day24.csproj", "{6F552AEE-AB42-4F56-92B8-4218A9A6F9A1}"
EndProject
Project("{9A19103F-16F7-4668-BE54-9A1E7A4F7556}") = "Day25", "Day25\Day25.csproj", "{A4503E8F-B24F-4ECB-9170-887856066FBC}"
EndProject
Global
	GlobalSection(SolutionConfigurationPlatforms) = preSolution
		Debug|Any CPU = Debug|Any CPU
		Release|Any CPU = Release|Any CPU
	EndGlobalSection
	GlobalSection(ProjectConfigurationPlatforms) = postSolution
		{978B3827-A586-44C1-8D83-0D109444BAAF}.Debug|Any CPU.ActiveCfg = Debug|Any CPU
		{978B3827-A586-44C1-8D83-0D109444BAAF}.Debug|Any CPU.Build.0 = Debug|Any CPU
		{978B3827-A586-44C1-8D83-0D109444BAAF}.Release|Any CPU.ActiveCfg = Release|Any CPU
		{978B3827-A586-44C1-8D83-0D109444BAAF}.Release|Any CPU.Build.0 = Release|Any CPU
		{F6D9A38A-C9A0-47F9-9529-A997F55007EC}.Debug|Any CPU.ActiveCfg = Debug|Any CPU
		{F6D9A38A-C9A0-47F9-9529-A997F55007EC}.Debug|Any CPU.Build.0 = Debug|Any CPU
		{F6D9A38A-C9A0-47F9-9529-A997F55007EC}.Release|Any CPU.ActiveCfg = Release|Any CPU
		{F6D9A38A-C9A0-47F9-9529-A997F55007EC}.Release|Any CPU.Build.0 = Release|Any CPU
		{165B2DD9-BEB8-4F87-BA75-97011A003A4D}.Debug|Any CPU.ActiveCfg = Debug|Any CPU
		{165B2DD9-BEB8-4F87-BA75-97011A003A4D}.Debug|Any CPU.Build.0 = Debug|Any CPU
		{165B2DD9-BEB8-4F87-BA75-97011A003A4D}.Release|Any CPU.ActiveCfg = Release|Any CPU
		{165B2DD9-BEB8-4F87-BA75-97011A003A4D}.Release|Any CPU.Build.0 = Release|Any CPU
		{D680F0DB-8A74-4DF7-981E-6B66EB7A7116}.Debug|Any CPU.ActiveCfg = Debug|Any CPU
		{D680F0DB-8A74-4DF7-981E-6B66EB7A7116}.Debug|Any CPU.Build.0 = Debug|Any CPU
		{D680F0DB-8A74-4DF7-981E-6B66EB7A7116}.Release|Any CPU.ActiveCfg = Release|Any CPU
		{D680F0DB-8A74-4DF7-981E-6B66EB7A7116}.Release|Any CPU.Build.0 = Release|Any CPU
		{A5AE0A25-01F4-43CB-AF63-F003E4F195C2}.Debug|Any CPU.ActiveCfg = Debug|Any CPU
		{A5AE0A25-01F4-43CB-AF63-F003E4F195C2}.Debug|Any CPU.Build.0 = Debug|Any CPU
		{A5AE0A25-01F4-43CB-AF63-F003E4F195C2}.Release|Any CPU.ActiveCfg = Release|Any CPU
		{A5AE0A25-01F4-43CB-AF63-F003E4F195C2}.Release|Any CPU.Build.0 = Release|Any CPU
		{0BC4E3B7-4DA4-498C-A1F4-5B7D37C02D8A}.Debug|Any CPU.ActiveCfg = Debug|Any CPU
		{0BC4E3B7-4DA4-498C-A1F4-5B7D37C02D8A}.Debug|Any CPU.Build.0 = Debug|Any CPU
		{0BC4E3B7-4DA4-498C-A1F4-5B7D37C02D8A}.Release|Any CPU.ActiveCfg = Release|Any CPU
		{0BC4E3B7-4DA4-498C-A1F4-5B7D37C02D8A}.Release|Any CPU.Build.0 = Release|Any CPU
		{B8B86028-DA5B-448B-82C6-A2D7CC891B57}.Debug|Any CPU.ActiveCfg = Debug|Any CPU
		{B8B86028-DA5B-448B-82C6-A2D7CC891B57}.Debug|Any CPU.Build.0 = Debug|Any CPU
		{B8B86028-DA5B-448B-82C6-A2D7CC891B57}.Release|Any CPU.ActiveCfg = Release|Any CPU
		{B8B86028-DA5B-448B-82C6-A2D7CC891B57}.Release|Any CPU.Build.0 = Release|Any CPU
		{2A4E2860-36A5-4B3F-A9C6-7F0DC1289C83}.Debug|Any CPU.ActiveCfg = Debug|Any CPU
		{2A4E2860-36A5-4B3F-A9C6-7F0DC1289C83}.Debug|Any CPU.Build.0 = Debug|Any CPU
		{2A4E2860-36A5-4B3F-A9C6-7F0DC1289C83}.Release|Any CPU.ActiveCfg = Release|Any CPU
		{2A4E2860-36A5-4B3F-A9C6-7F0DC1289C83}.Release|Any CPU.Build.0 = Release|Any CPU
		{C334E107-22B1-4A3D-9057-E9B9442B8F7F}.Debug|Any CPU.ActiveCfg = Debug|Any CPU
		{C334E107-22B1-4A3D-9057-E9B9442B8F7F}.Debug|Any CPU.Build.0 = Debug|Any CPU
		{C334E107-22B1-4A3D-9057-E9B9442B8F7F}.Release|Any CPU.ActiveCfg = Release|Any CPU
		{C334E107-22B1-4A3D-9057-E9B9442B8F7F}.Release|Any CPU.Build.0 = Release|Any CPU
		{A1F111D2-17F0-4C00-8FBF-9F8982AE115E}.Debug|Any CPU.ActiveCfg = Debug|Any CPU
		{A1F111D2-17F0-4C00-8FBF-9F8982AE115E}.Debug|Any CPU.Build.0 = Debug|Any CPU
		{A1F111D2-17F0-4C00-8FBF-9F8982AE115E}.Release|Any CPU.ActiveCfg = Release|Any CPU
		{A1F111D2-17F0-4C00-8FBF-9F8982AE115E}.Release|Any CPU.Build.0 = Release|Any CPU
		{33291C30-9A49-4141-9200-B3978473478E}.Debug|Any CPU.ActiveCfg = Debug|Any CPU
		{33291C30-9A49-4141-9200-B3978473478E}.Debug|Any CPU.Build.0 = Debug|Any CPU
		{33291C30-9A49-4141-9200-B3978473478E}.Release|Any CPU.ActiveCfg = Release|Any CPU
		{33291C30-9A49-4141-9200-B3978473478E}.Release|Any CPU.Build.0 = Release|Any CPU
		{7F5703C3-4DA4-4F33-A39E-079C33BF04AF}.Debug|Any CPU.ActiveCfg = Debug|Any CPU
		{7F5703C3-4DA4-4F33-A39E-079C33BF04AF}.Debug|Any CPU.Build.0 = Debug|Any CPU
		{7F5703C3-4DA4-4F33-A39E-079C33BF04AF}.Release|Any CPU.ActiveCfg = Release|Any CPU
		{7F5703C3-4DA4-4F33-A39E-079C33BF04AF}.Release|Any CPU.Build.0 = Release|Any CPU
		{7DDDB5BD-DF2C-4351-A2F5-716B3DAD03CF}.Debug|Any CPU.ActiveCfg = Debug|Any CPU
		{7DDDB5BD-DF2C-4351-A2F5-716B3DAD03CF}.Debug|Any CPU.Build.0 = Debug|Any CPU
		{7DDDB5BD-DF2C-4351-A2F5-716B3DAD03CF}.Release|Any CPU.ActiveCfg = Release|Any CPU
		{7DDDB5BD-DF2C-4351-A2F5-716B3DAD03CF}.Release|Any CPU.Build.0 = Release|Any CPU
		{475B875B-936D-4B79-BE9A-8A4F8780ECC9}.Debug|Any CPU.ActiveCfg = Debug|Any CPU
		{475B875B-936D-4B79-BE9A-8A4F8780ECC9}.Debug|Any CPU.Build.0 = Debug|Any CPU
		{475B875B-936D-4B79-BE9A-8A4F8780ECC9}.Release|Any CPU.ActiveCfg = Release|Any CPU
		{475B875B-936D-4B79-BE9A-8A4F8780ECC9}.Release|Any CPU.Build.0 = Release|Any CPU
		{5A0F868C-FC13-4AB8-A0F0-6205DA024CF1}.Debug|Any CPU.ActiveCfg = Debug|Any CPU
		{5A0F868C-FC13-4AB8-A0F0-6205DA024CF1}.Debug|Any CPU.Build.0 = Debug|Any CPU
		{5A0F868C-FC13-4AB8-A0F0-6205DA024CF1}.Release|Any CPU.ActiveCfg = Release|Any CPU
		{5A0F868C-FC13-4AB8-A0F0-6205DA024CF1}.Release|Any CPU.Build.0 = Release|Any CPU
		{A0E5137A-18EB-4A9D-878F-250C488BF6FC}.Debug|Any CPU.ActiveCfg = Debug|Any CPU
		{A0E5137A-18EB-4A9D-878F-250C488BF6FC}.Debug|Any CPU.Build.0 = Debug|Any CPU
		{A0E5137A-18EB-4A9D-878F-250C488BF6FC}.Release|Any CPU.ActiveCfg = Release|Any CPU
		{A0E5137A-18EB-4A9D-878F-250C488BF6FC}.Release|Any CPU.Build.0 = Release|Any CPU
		{8B3B472B-D7F5-458F-BEAB-C5EDFD7E7801}.Debug|Any CPU.ActiveCfg = Debug|Any CPU
		{8B3B472B-D7F5-458F-BEAB-C5EDFD7E7801}.Debug|Any CPU.Build.0 = Debug|Any CPU
		{8B3B472B-D7F5-458F-BEAB-C5EDFD7E7801}.Release|Any CPU.ActiveCfg = Release|Any CPU
		{8B3B472B-D7F5-458F-BEAB-C5EDFD7E7801}.Release|Any CPU.Build.0 = Release|Any CPU
		{952896B2-61F2-4425-80DC-1CA37F6CA225}.Debug|Any CPU.ActiveCfg = Debug|Any CPU
		{952896B2-61F2-4425-80DC-1CA37F6CA225}.Debug|Any CPU.Build.0 = Debug|Any CPU
		{952896B2-61F2-4425-80DC-1CA37F6CA225}.Release|Any CPU.ActiveCfg = Release|Any CPU
		{952896B2-61F2-4425-80DC-1CA37F6CA225}.Release|Any CPU.Build.0 = Release|Any CPU
		{1B0D5FEE-A426-4A36-AFA1-848CCEBE1DEF}.Debug|Any CPU.ActiveCfg = Debug|Any CPU
		{1B0D5FEE-A426-4A36-AFA1-848CCEBE1DEF}.Debug|Any CPU.Build.0 = Debug|Any CPU
		{1B0D5FEE-A426-4A36-AFA1-848CCEBE1DEF}.Release|Any CPU.ActiveCfg = Release|Any CPU
		{1B0D5FEE-A426-4A36-AFA1-848CCEBE1DEF}.Release|Any CPU.Build.0 = Release|Any CPU
		{44EB55F8-F83E-45D1-AC0F-3796AAB660B2}.Debug|Any CPU.ActiveCfg = Debug|Any CPU
		{44EB55F8-F83E-45D1-AC0F-3796AAB660B2}.Debug|Any CPU.Build.0 = Debug|Any CPU
		{44EB55F8-F83E-45D1-AC0F-3796AAB660B2}.Release|Any CPU.ActiveCfg = Release|Any CPU
		{44EB55F8-F83E-45D1-AC0F-3796AAB660B2}.Release|Any CPU.Build.0 = Release|Any CPU
		{E6227994-5C07-4D49-95F3-FA3CA6E6D70E}.Debug|Any CPU.ActiveCfg = Debug|Any CPU
		{E6227994-5C07-4D49-95F3-FA3CA6E6D70E}.Debug|Any CPU.Build.0 = Debug|Any CPU
		{E6227994-5C07-4D49-95F3-FA3CA6E6D70E}.Release|Any CPU.ActiveCfg = Release|Any CPU
		{E6227994-5C07-4D49-95F3-FA3CA6E6D70E}.Release|Any CPU.Build.0 = Release|Any CPU
		{ED37B836-0977-4349-B40E-52094D2BBF11}.Debug|Any CPU.ActiveCfg = Debug|Any CPU
		{ED37B836-0977-4349-B40E-52094D2BBF11}.Debug|Any CPU.Build.0 = Debug|Any CPU
		{ED37B836-0977-4349-B40E-52094D2BBF11}.Release|Any CPU.ActiveCfg = Release|Any CPU
		{ED37B836-0977-4349-B40E-52094D2BBF11}.Release|Any CPU.Build.0 = Release|Any CPU
		{88C24B32-B442-45F9-873F-C93640FD43C7}.Debug|Any CPU.ActiveCfg = Debug|Any CPU
		{88C24B32-B442-45F9-873F-C93640FD43C7}.Debug|Any CPU.Build.0 = Debug|Any CPU
		{88C24B32-B442-45F9-873F-C93640FD43C7}.Release|Any CPU.ActiveCfg = Release|Any CPU
		{88C24B32-B442-45F9-873F-C93640FD43C7}.Release|Any CPU.Build.0 = Release|Any CPU
		{6F552AEE-AB42-4F56-92B8-4218A9A6F9A1}.Debug|Any CPU.ActiveCfg = Debug|Any CPU
		{6F552AEE-AB42-4F56-92B8-4218A9A6F9A1}.Debug|Any CPU.Build.0 = Debug|Any CPU
		{6F552AEE-AB42-4F56-92B8-4218A9A6F9A1}.Release|Any CPU.ActiveCfg = Release|Any CPU
		{6F552AEE-AB42-4F56-92B8-4218A9A6F9A1}.Release|Any CPU.Build.0 = Release|Any CPU
		{A4503E8F-B24F-4ECB-9170-887856066FBC}.Debug|Any CPU.ActiveCfg = Debug|Any CPU
		{A4503E8F-B24F-4ECB-9170-887856066FBC}.Debug|Any CPU.Build.0 = Debug|Any CPU
		{A4503E8F-B24F-4ECB-9170-887856066FBC}.Release|Any CPU.ActiveCfg = Release|Any CPU
		{A4503E8F-B24F-4ECB-9170-887856066FBC}.Release|Any CPU.Build.0 = Release|Any CPU
	EndGlobalSection
	GlobalSection(SolutionProperties) = preSolution
		HideSolutionNode = FALSE
	EndGlobalSection
	GlobalSection(ExtensibilityGlobals) = postSolution
		SolutionGuid = {567DBE18-02CD-428D-872A-34D6382D41EC}
	EndGlobalSection
EndGlobal
